
Microsoft Visual Studio Solution File, Format Version 12.00
# Visual Studio Version 16
VisualStudioVersion = 16.0.30204.135
MinimumVisualStudioVersion = 10.0.40219.1
Project("{FAE04EC0-301F-11D3-BF4B-00C04F79EFBC}") = "HangFirePubSub.Sample", "HangFirePubSub.Sample\HangFirePubSub.Sample.csproj", "{F402127B-A8A9-4AF0-89C0-7CC50555D168}"
EndProject
Global
	GlobalSection(SolutionConfigurationPlatforms) = preSolution
		Debug|Any CPU = Debug|Any CPU
		Release|Any CPU = Release|Any CPU
	EndGlobalSection
	GlobalSection(ProjectConfigurationPlatforms) = postSolution
		{F402127B-A8A9-4AF0-89C0-7CC50555D168}.Debug|Any CPU.ActiveCfg = Debug|Any CPU
		{F402127B-A8A9-4AF0-89C0-7CC50555D168}.Debug|Any CPU.Build.0 = Debug|Any CPU
		{F402127B-A8A9-4AF0-89C0-7CC50555D168}.Release|Any CPU.ActiveCfg = Release|Any CPU
		{F402127B-A8A9-4AF0-89C0-7CC50555D168}.Release|Any CPU.Build.0 = Release|Any CPU
	EndGlobalSection
	GlobalSection(SolutionProperties) = preSolution
		HideSolutionNode = FALSE
	EndGlobalSection
	GlobalSection(ExtensibilityGlobals) = postSolution
		SolutionGuid = {588BC11C-BD6F-4CE6-A78E-426878F601D8}
	EndGlobalSection
EndGlobal
